
Microsoft Visual Studio Solution File, Format Version 12.00
# Visual Studio Version 17
VisualStudioVersion = 17.9.34723.18
MinimumVisualStudioVersion = 10.0.40219.1
Project("{FAE04EC0-301F-11D3-BF4B-00C04F79EFBC}") = "OldPhonePad", "OldPhonePad\OldPhonePad.csproj", "{BFB59B35-5DDF-46E8-A833-6BF06B995DE4}"
EndProject
Global
	GlobalSection(SolutionConfigurationPlatforms) = preSolution
		Debug|Any CPU = Debug|Any CPU
		Release|Any CPU = Release|Any CPU
	EndGlobalSection
	GlobalSection(ProjectConfigurationPlatforms) = postSolution
		{BFB59B35-5DDF-46E8-A833-6BF06B995DE4}.Debug|Any CPU.ActiveCfg = Debug|Any CPU
		{BFB59B35-5DDF-46E8-A833-6BF06B995DE4}.Debug|Any CPU.Build.0 = Debug|Any CPU
		{BFB59B35-5DDF-46E8-A833-6BF06B995DE4}.Release|Any CPU.ActiveCfg = Release|Any CPU
		{BFB59B35-5DDF-46E8-A833-6BF06B995DE4}.Release|Any CPU.Build.0 = Release|Any CPU
	EndGlobalSection
	GlobalSection(SolutionProperties) = preSolution
		HideSolutionNode = FALSE
	EndGlobalSection
	GlobalSection(ExtensibilityGlobals) = postSolution
		SolutionGuid = {2D4E4EDC-4E06-4F7F-925F-31B3FF71CAD0}
	EndGlobalSection
EndGlobal
